
Microsoft Visual Studio Solution File, Format Version 12.00
# Visual Studio Version 17
VisualStudioVersion = 17.9.34728.123
MinimumVisualStudioVersion = 10.0.40219.1
Project("{9A19103F-16F7-4668-BE54-9A1E7A4F7556}") = "Aardvark.Data.Ifc", "Aardvark.Data.Ifc\Aardvark.Data.Ifc.csproj", "{8BB583B6-37F8-41E4-BB12-8F549ACBC6EB}"
EndProject
Project("{9A19103F-16F7-4668-BE54-9A1E7A4F7556}") = "IfcTest", "Test\Ifc\IfcTest.csproj", "{A946E9F0-0D88-49C0-95DF-F0AB385B459D}"
EndProject
Global
	GlobalSection(SolutionConfigurationPlatforms) = preSolution
		Debug|Any CPU = Debug|Any CPU
		Release|Any CPU = Release|Any CPU
	EndGlobalSection
	GlobalSection(ProjectConfigurationPlatforms) = postSolution
		{8BB583B6-37F8-41E4-BB12-8F549ACBC6EB}.Debug|Any CPU.ActiveCfg = Debug|Any CPU
		{8BB583B6-37F8-41E4-BB12-8F549ACBC6EB}.Debug|Any CPU.Build.0 = Debug|Any CPU
		{8BB583B6-37F8-41E4-BB12-8F549ACBC6EB}.Release|Any CPU.ActiveCfg = Release|Any CPU
		{8BB583B6-37F8-41E4-BB12-8F549ACBC6EB}.Release|Any CPU.Build.0 = Release|Any CPU
		{A946E9F0-0D88-49C0-95DF-F0AB385B459D}.Debug|Any CPU.ActiveCfg = Debug|Any CPU
		{A946E9F0-0D88-49C0-95DF-F0AB385B459D}.Debug|Any CPU.Build.0 = Debug|Any CPU
		{A946E9F0-0D88-49C0-95DF-F0AB385B459D}.Release|Any CPU.ActiveCfg = Release|Any CPU
		{A946E9F0-0D88-49C0-95DF-F0AB385B459D}.Release|Any CPU.Build.0 = Release|Any CPU
	EndGlobalSection
	GlobalSection(SolutionProperties) = preSolution
		HideSolutionNode = FALSE
	EndGlobalSection
	GlobalSection(ExtensibilityGlobals) = postSolution
		SolutionGuid = {EC3469FF-BF00-4F6A-AA02-EAD006852FFE}
	EndGlobalSection
EndGlobal
